# THIS IS AN AUTOGENERATED FILE. DO NOT EDIT THIS FILE DIRECTLY.
# yarn lockfile v1


solid-icons@^1.0.1:
  version "1.0.1"
  resolved "https://registry.yarnpkg.com/solid-icons/-/solid-icons-1.0.1.tgz#2b60bb385a11489369b1d3096199bfccfeeb4399"
  integrity sha512-9rxPeJ1UDGzWGlksjuXuyK2CdL1vg89inDyOl43koL3zoMgXLzY6LVLuMeuhslHbjq7Fp2h6fSSImj9ygfvleA==
